
Microsoft Visual Studio Solution File, Format Version 12.00
Project("{FAE04EC0-301F-11D3-BF4B-00C04F79EFBC}") = "Katas.Tests", "Katas.Tests\Katas.Tests.csproj", "{3A070971-498D-4F0D-A640-22F0C2D5E8F0}"
EndProject
Project("{FAE04EC0-301F-11D3-BF4B-00C04F79EFBC}") = "Katas", "Katas\Katas.csproj", "{4CBFC7FB-0CA0-4511-9CA6-F26771638665}"
EndProject
Global
	GlobalSection(SolutionConfigurationPlatforms) = preSolution
		Debug|Any CPU = Debug|Any CPU
		Release|Any CPU = Release|Any CPU
	EndGlobalSection
	GlobalSection(ProjectConfigurationPlatforms) = postSolution
		{3A070971-498D-4F0D-A640-22F0C2D5E8F0}.Debug|Any CPU.ActiveCfg = Debug|Any CPU
		{3A070971-498D-4F0D-A640-22F0C2D5E8F0}.Debug|Any CPU.Build.0 = Debug|Any CPU
		{3A070971-498D-4F0D-A640-22F0C2D5E8F0}.Release|Any CPU.ActiveCfg = Release|Any CPU
		{3A070971-498D-4F0D-A640-22F0C2D5E8F0}.Release|Any CPU.Build.0 = Release|Any CPU
		{4CBFC7FB-0CA0-4511-9CA6-F26771638665}.Debug|Any CPU.ActiveCfg = Debug|Any CPU
		{4CBFC7FB-0CA0-4511-9CA6-F26771638665}.Debug|Any CPU.Build.0 = Debug|Any CPU
		{4CBFC7FB-0CA0-4511-9CA6-F26771638665}.Release|Any CPU.ActiveCfg = Release|Any CPU
		{4CBFC7FB-0CA0-4511-9CA6-F26771638665}.Release|Any CPU.Build.0 = Release|Any CPU
	EndGlobalSection
EndGlobal
